
Microsoft Visual Studio Solution File, Format Version 12.00
# Visual Studio Version 16
VisualStudioVersion = 16.0.30523.141
MinimumVisualStudioVersion = 10.0.40219.1
Project("{8BC9CEB8-8B4A-11D0-8D11-00A0C91BC942}") = "laba6.3", "laba6.3\laba6.3.vcxproj", "{B434BFD4-F638-4EA7-8BF1-85388AF38CB2}"
EndProject
Project("{8BC9CEB8-8B4A-11D0-8D11-00A0C91BC942}") = "UnitTest1", "UnitTest1\UnitTest1.vcxproj", "{8638259C-394D-4C17-8A2D-060F648A94BF}"
EndProject
Global
	GlobalSection(SolutionConfigurationPlatforms) = preSolution
		Debug|x64 = Debug|x64
		Debug|x86 = Debug|x86
		Release|x64 = Release|x64
		Release|x86 = Release|x86
	EndGlobalSection
	GlobalSection(ProjectConfigurationPlatforms) = postSolution
		{B434BFD4-F638-4EA7-8BF1-85388AF38CB2}.Debug|x64.ActiveCfg = Debug|x64
		{B434BFD4-F638-4EA7-8BF1-85388AF38CB2}.Debug|x64.Build.0 = Debug|x64
		{B434BFD4-F638-4EA7-8BF1-85388AF38CB2}.Debug|x86.ActiveCfg = Debug|Win32
		{B434BFD4-F638-4EA7-8BF1-85388AF38CB2}.Debug|x86.Build.0 = Debug|Win32
		{B434BFD4-F638-4EA7-8BF1-85388AF38CB2}.Release|x64.ActiveCfg = Release|x64
		{B434BFD4-F638-4EA7-8BF1-85388AF38CB2}.Release|x64.Build.0 = Release|x64
		{B434BFD4-F638-4EA7-8BF1-85388AF38CB2}.Release|x86.ActiveCfg = Release|Win32
		{B434BFD4-F638-4EA7-8BF1-85388AF38CB2}.Release|x86.Build.0 = Release|Win32
		{8638259C-394D-4C17-8A2D-060F648A94BF}.Debug|x64.ActiveCfg = Debug|x64
		{8638259C-394D-4C17-8A2D-060F648A94BF}.Debug|x64.Build.0 = Debug|x64
		{8638259C-394D-4C17-8A2D-060F648A94BF}.Debug|x86.ActiveCfg = Debug|Win32
		{8638259C-394D-4C17-8A2D-060F648A94BF}.Debug|x86.Build.0 = Debug|Win32
		{8638259C-394D-4C17-8A2D-060F648A94BF}.Release|x64.ActiveCfg = Release|x64
		{8638259C-394D-4C17-8A2D-060F648A94BF}.Release|x64.Build.0 = Release|x64
		{8638259C-394D-4C17-8A2D-060F648A94BF}.Release|x86.ActiveCfg = Release|Win32
		{8638259C-394D-4C17-8A2D-060F648A94BF}.Release|x86.Build.0 = Release|Win32
	EndGlobalSection
	GlobalSection(SolutionProperties) = preSolution
		HideSolutionNode = FALSE
	EndGlobalSection
	GlobalSection(ExtensibilityGlobals) = postSolution
		SolutionGuid = {6AE70094-C5FB-45FF-9B5A-B5A6567093D6}
	EndGlobalSection
EndGlobal
